
Microsoft Visual Studio Solution File, Format Version 12.00
# Visual Studio Version 17
VisualStudioVersion = 17.3.32922.545
MinimumVisualStudioVersion = 10.0.40219.1
Project("{9A19103F-16F7-4668-BE54-9A1E7A4F7556}") = "Task1Tests", "Task1Tests.csproj", "{A803A4C6-5CA3-422E-8473-71524408F6C9}"
EndProject
Project("{2150E333-8FDC-42A3-9474-1A3956D46DE8}") = "Solution Items", "Solution Items", "{C9A4FB87-7EBC-4993-8E9D-7651DDBD1EE1}"
	ProjectSection(SolutionItems) = preProject
		Task1.cs = Task1.cs
		Task2.cs = Task2.cs
		Task3.cs = Task3.cs
		Task4.cs = Task4.cs
		Task5.cs = Task5.cs
	EndProjectSection
EndProject
Global
	GlobalSection(SolutionConfigurationPlatforms) = preSolution
		Debug|Any CPU = Debug|Any CPU
		Release|Any CPU = Release|Any CPU
	EndGlobalSection
	GlobalSection(ProjectConfigurationPlatforms) = postSolution
		{A803A4C6-5CA3-422E-8473-71524408F6C9}.Debug|Any CPU.ActiveCfg = Debug|Any CPU
		{A803A4C6-5CA3-422E-8473-71524408F6C9}.Debug|Any CPU.Build.0 = Debug|Any CPU
		{A803A4C6-5CA3-422E-8473-71524408F6C9}.Release|Any CPU.ActiveCfg = Release|Any CPU
		{A803A4C6-5CA3-422E-8473-71524408F6C9}.Release|Any CPU.Build.0 = Release|Any CPU
	EndGlobalSection
	GlobalSection(SolutionProperties) = preSolution
		HideSolutionNode = FALSE
	EndGlobalSection
	GlobalSection(ExtensibilityGlobals) = postSolution
		SolutionGuid = {43801935-ED05-4F95-A323-AA1904FDD8FE}
	EndGlobalSection
EndGlobal
